// !$*UTF8*$!
{
	archiveVersion = 1;
	classes = {
	};
	objectVersion = 46;
	objects = {

/* Begin PBXBuildFile section */
		DB6943171C82D96300E05012 /* AppDelegate.swift in Sources */ = {isa = PBXBuildFile; fileRef = DB6943161C82D96300E05012 /* AppDelegate.swift */; };
		DB6943191C82D96300E05012 /* ViewController.swift in Sources */ = {isa = PBXBuildFile; fileRef = DB6943181C82D96300E05012 /* ViewController.swift */; };
		DB69431C1C82D96300E05012 /* Main.storyboard in Resources */ = {isa = PBXBuildFile; fileRef = DB69431A1C82D96300E05012 /* Main.storyboard */; };
		DB69431E1C82D96300E05012 /* Assets.xcassets in Resources */ = {isa = PBXBuildFile; fileRef = DB69431D1C82D96300E05012 /* Assets.xcassets */; };
		DB6943211C82D96300E05012 /* LaunchScreen.storyboard in Resources */ = {isa = PBXBuildFile; fileRef = DB69431F1C82D96300E05012 /* LaunchScreen.storyboard */; };
		DB6943291C82DA9700E05012 /* Datos.swift in Sources */ = {isa = PBXBuildFile; fileRef = DB6943281C82DA9700E05012 /* Datos.swift */; };
/* End PBXBuildFile section */

/* Begin PBXFileReference section */
		DB6943131C82D96300E05012 /* hamburguesas.app */ = {isa = PBXFileReference; explicitFileType = wrapper.application; includeInIndex = 0; path = hamburguesas.app; sourceTree = BUILT_PRODUCTS_DIR; };
		DB6943161C82D96300E05012 /* AppDelegate.swift */ = {isa = PBXFileReference; lastKnownFileType = sourcecode.swift; path = AppDelegate.swift; sourceTree = "<group>"; };
		DB6943181C82D96300E05012 /* ViewController.swift */ = {isa = PBXFileReference; lastKnownFileType = sourcecode.swift; path = ViewController.swift; sourceTree = "<group>"; };
		DB69431B1C82D96300E05012 /* Base */ = {isa = PBXFileReference; lastKnownFileType = file.storyboard; name = Base; path = Base.lproj/Main.storyboard; sourceTree = "<group>"; };
		DB69431D1C82D96300E05012 /* Assets.xcassets */ = {isa = PBXFileReference; lastKnownFileType = folder.assetcatalog; path = Assets.xcassets; sourceTree = "<group>"; };
		DB6943201C82D96300E05012 /* Base */ = {isa = PBXFileReference; lastKnownFileType = file.storyboard; name = Base; path = Base.lproj/LaunchScreen.storyboard; sourceTree = "<group>"; };
		DB6943221C82D96300E05012 /* Info.plist */ = {isa = PBXFileReference; lastKnownFileType = text.plist.xml; path = Info.plist; sourceTree = "<group>"; };
		DB6943281C82DA9700E05012 /* Datos.swift */ = {isa = PBXFileReference; fileEncoding = 4; lastKnownFileType = sourcecode.swift; name = Datos.swift; path = ../Datos.swift; sourceTree = "<group>"; };
/* End PBXFileReference section */

/* Begin PBXFrameworksBuildPhase section */
		DB6943101C82D96300E05012 /* Frameworks */ = {
			isa = PBXFrameworksBuildPhase;
			buildActionMask = 2147483647;
			files = (
			);
			runOnlyForDeploymentPostprocessing = 0;
		};
/* End PBXFrameworksBuildPhase section */

/* Begin PBXGroup section */
		DB69430A1C82D96300E05012 = {
			isa = PBXGroup;
			children = (
				DB6943151C82D96300E05012 /* hamburguesas */,
				DB6943141C82D96300E05012 /* Products */,
			);
			sourceTree = "<group>";
		};
		DB6943141C82D96300E05012 /* Products */ = {
			isa = PBXGroup;
			children = (
				DB6943131C82D96300E05012 /* hamburguesas.app */,
			);
			name = Products;
			sourceTree = "<group>";
		};
		DB6943151C82D96300E05012 /* hamburguesas */ = {
			isa = PBXGroup;
			children = (
				DB6943161C82D96300E05012 /* AppDelegate.swift */,
				DB6943281C82DA9700E05012 /* Datos.swift */,
				DB6943181C82D96300E05012 /* ViewController.swift */,
				DB69431A1C82D96300E05012 /* Main.storyboard */,
				DB69431D1C82D96300E05012 /* Assets.xcassets */,
				DB69431F1C82D96300E05012 /* LaunchScreen.storyboard */,
				DB6943221C82D96300E05012 /* Info.plist */,
			);
			path = hamburguesas;
			sourceTree = "<group>";
		};
/* End PBXGroup section */

/* Begin PBXNativeTarget section */
		DB6943121C82D96300E05012 /* hamburguesas */ = {
			isa = PBXNativeTarget;
			buildConfigurationList = DB6943251C82D96300E05012 /* Build configuration list for PBXNativeTarget "hamburguesas" */;
			buildPhases = (
				DB69430F1C82D96300E05012 /* Sources */,
				DB6943101C82D96300E05012 /* Frameworks */,
				DB6943111C82D96300E05012 /* Resources */,
			);
			buildRules = (
			);
			dependencies = (
			);
			name = hamburguesas;
			productName = hamburguesas;
			productReference = DB6943131C82D96300E05012 /* hamburguesas.app */;
			productType = "com.apple.product-type.application";
		};
/* End PBXNativeTarget section */

/* Begin PBXProject section */
		DB69430B1C82D96300E05012 /* Project object */ = {
			isa = PBXProject;
			attributes = {
				LastSwiftUpdateCheck = 0720;
				LastUpgradeCheck = 0720;
				ORGANIZATIONNAME = "Rogelio Herrerias";
				TargetAttributes = {
					DB6943121C82D96300E05012 = {
						CreatedOnToolsVersion = 7.2.1;
					};
				};
			};
			buildConfigurationList = DB69430E1C82D96300E05012 /* Build configuration list for PBXProject "hamburguesas" */;
			compatibilityVersion = "Xcode 3.2";
			developmentRegion = English;
			hasScannedForEncodings = 0;
			knownRegions = (
				en,
				Base,
			);
			mainGroup = DB69430A1C82D96300E05012;
			productRefGroup = DB6943141C82D96300E05012 /* Products */;
			projectDirPath = "";
			projectRoot = "";
			targets = (
				DB6943121C82D96300E05012 /* hamburguesas */,
			);
		};
/* End PBXProject section */

/* Begin PBXResourcesBuildPhase section */
		DB6943111C82D96300E05012 /* Resources */ = {
			isa = PBXResourcesBuildPhase;
			buildActionMask = 2147483647;
			files = (
				DB6943211C82D96300E05012 /* LaunchScreen.storyboard in Resources */,
				DB69431E1C82D96300E05012 /* Assets.xcassets in Resources */,
				DB69431C1C82D96300E05012 /* Main.storyboard in Resources */,
			);
			runOnlyForDeploymentPostprocessing = 0;
		};
/* End PBXResourcesBuildPhase section */

/* Begin PBXSourcesBuildPhase section */
		DB69430F1C82D96300E05012 /* Sources */ = {
			isa = PBXSourcesBuildPhase;
			buildActionMask = 2147483647;
			files = (
				DB6943191C82D96300E05012 /* ViewController.swift in Sources */,
				DB6943171C82D96300E05012 /* AppDelegate.swift in Sources */,
				DB6943291C82DA9700E05012 /* Datos.swift in Sources */,
			);
			runOnlyForDeploymentPostprocessing = 0;
		};
/* End PBXSourcesBuildPhase section */

/* Begin PBXVariantGroup section */
		DB69431A1C82D96300E05012 /* Main.storyboard */ = {
			isa = PBXVariantGroup;
			children = (
				DB69431B1C82D96300E05012 /* Base */,
			);
			name = Main.storyboard;
			sourceTree = "<group>";
		};
		DB69431F1C82D96300E05012 /* LaunchScreen.storyboard */ = {
			isa = PBXVariantGroup;
			children = (
				DB6943201C82D96300E05012 /* Base */,
			);
			name = LaunchScreen.storyboard;
			sourceTree = "<group>";
		};
/* End PBXVariantGroup section */

/* Begin XCBuildConfiguration section */
		DB6943231C82D96300E05012 /* Debug */ = {
			isa = XCBuildConfiguration;
			buildSettings = {
				ALWAYS_SEARCH_USER_PATHS = NO;
				CLANG_CXX_LANGUAGE_STANDARD = "gnu++0x";
				CLANG_CXX_LIBRARY = "libc++";
				CLANG_ENABLE_MODULES = YES;
				CLANG_ENABLE_OBJC_ARC = YES;
				CLANG_WARN_BOOL_CONVERSION = YES;
				CLANG_WARN_CONSTANT_CONVERSION = YES;
				CLANG_WARN_DIRECT_OBJC_ISA_USAGE = YES_ERROR;
				CLANG_WARN_EMPTY_BODY = YES;
				CLANG_WARN_ENUM_CONVERSION = YES;
				CLANG_WARN_INT_CONVERSION = YES;
				CLANG_WARN_OBJC_ROOT_CLASS = YES_ERROR;
				CLANG_WARN_UNREACHABLE_CODE = YES;
				CLANG_WARN__DUPLICATE_METHOD_MATCH = YES;
				"CODE_SIGN_IDENTITY[sdk=iphoneos*]" = "iPhone Developer";
				COPY_PHASE_STRIP = NO;
				DEBUG_INFORMATION_FORMAT = dwarf;
				ENABLE_STRICT_OBJC_MSGSEND = YES;
				ENABLE_TESTABILITY = YES;
				GCC_C_LANGUAGE_STANDARD = gnu99;
				GCC_DYNAMIC_NO_PIC = NO;
				GCC_NO_COMMON_BLOCKS = YES;
				GCC_OPTIMIZATION_LEVEL = 0;
				GCC_PREPROCESSOR_DEFINITIONS = (
					"DEBUG=1",
					"$(inherited)",
				);
				GCC_WARN_64_TO_32_BIT_CONVERSION = YES;
				GCC_WARN_ABOUT_RETURN_TYPE = YES_ERROR;
				GCC_WARN_UNDECLARED_SELECTOR = YES;
				GCC_WARN_UNINITIALIZED_AUTOS = YES_AGGRESSIVE;
				GCC_WARN_UNUSED_FUNCTION = YES;
				GCC_WARN_UNUSED_VARIABLE = YES;
				IPHONEOS_DEPLOYMENT_TARGET = 9.2;
				MTL_ENABLE_DEBUG_INFO = YES;
				ONLY_ACTIVE_ARCH = YES;
				SDKROOT = iphoneos;
				SWIFT_OPTIMIZATION_LEVEL = "-Onone";
			};
			name = Debug;
		};
		DB6943241C82D96300E05012 /* Release */ = {
			isa = XCBuildConfiguration;
			buildSettings = {
				ALWAYS_SEARCH_USER_PATHS = NO;
				CLANG_CXX_LANGUAGE_STANDARD = "gnu++0x";
				CLANG_CXX_LIBRARY = "libc++";
				CLANG_ENABLE_MODULES = YES;
				CLANG_ENABLE_OBJC_ARC = YES;
				CLANG_WARN_BOOL_CONVERSION = YES;
				CLANG_WARN_CONSTANT_CONVERSION = YES;
				CLANG_WARN_DIRECT_OBJC_ISA_USAGE = YES_ERROR;
				CLANG_WARN_EMPTY_BODY = YES;
				CLANG_WARN_ENUM_CONVERSION = YES;
				CLANG_WARN_INT_CONVERSION = YES;
				CLANG_WARN_OBJC_ROOT_CLASS = YES_ERROR;
				CLANG_WARN_UNREACHABLE_CODE = YES;
				CLANG_WARN__DUPLICATE_METHOD_MATCH = YES;
				"CODE_SIGN_IDENTITY[sdk=iphoneos*]" = "iPhone Developer";
				COPY_PHASE_STRIP = NO;
				DEBUG_INFORMATION_FORMAT = "dwarf-with-dsym";
				ENABLE_NS_ASSERTIONS = NO;
				ENABLE_STRICT_OBJC_MSGSEND = YES;
				GCC_C_LANGUAGE_STANDARD = gnu99;
				GCC_NO_COMMON_BLOCKS = YES;
				GCC_WARN_64_TO_32_BIT_CONVERSION = YES;
				GCC_WARN_ABOUT_RETURN_TYPE = YES_ERROR;
				GCC_WARN_UNDECLARED_SELECTOR = YES;
				GCC_WARN_UNINITIALIZED_AUTOS = YES_AGGRESSIVE;
				GCC_WARN_UNUSED_FUNCTION = YES;
				GCC_WARN_UNUSED_VARIABLE = YES;
				IPHONEOS_DEPLOYMENT_TARGET = 9.2;
				MTL_ENABLE_DEBUG_INFO = NO;
				SDKROOT = iphoneos;
				VALIDATE_PRODUCT = YES;
			};
			name = Release;
		};
		DB6943261C82D96300E05012 /* Debug */ = {
			isa = XCBuildConfiguration;
			buildSettings = {
				ASSETCATALOG_COMPILER_APPICON_NAME = AppIcon;
				INFOPLIST_FILE = hamburguesas/Info.plist;
				LD_RUNPATH_SEARCH_PATHS = "$(inherited) @executable_path/Frameworks";
				PRODUCT_BUNDLE_IDENTIFIER = herrerias.rogelio.hamburguesas;
				PRODUCT_NAME = "$(TARGET_NAME)";
			};
			name = Debug;
		};
		DB6943271C82D96300E05012 /* Release */ = {
			isa = XCBuildConfiguration;
			buildSettings = {
				ASSETCATALOG_COMPILER_APPICON_NAME = AppIcon;
				INFOPLIST_FILE = hamburguesas/Info.plist;
				LD_RUNPATH_SEARCH_PATHS = "$(inherited) @executable_path/Frameworks";
				PRODUCT_BUNDLE_IDENTIFIER = herrerias.rogelio.hamburguesas;
				PRODUCT_NAME = "$(TARGET_NAME)";
			};
			name = Release;
		};
/* End XCBuildConfiguration section */

/* Begin XCConfigurationList section */
		DB69430E1C82D96300E05012 /* Build configuration list for PBXProject "hamburguesas" */ = {
			isa = XCConfigurationList;
			buildConfigurations = (
				DB6943231C82D96300E05012 /* Debug */,
				DB6943241C82D96300E05012 /* Release */,
			);
			defaultConfigurationIsVisible = 0;
			defaultConfigurationName = Release;
		};
		DB6943251C82D96300E05012 /* Build configuration list for PBXNativeTarget "hamburguesas" */ = {
			isa = XCConfigurationList;
			buildConfigurations = (
				DB6943261C82D96300E05012 /* Debug */,
				DB6943271C82D96300E05012 /* Release */,
			);
			defaultConfigurationIsVisible = 0;
		};
/* End XCConfigurationList section */
	};
	rootObject = DB69430B1C82D96300E05012 /* Project object */;
}
