// !$*UTF8*$!
{
	archiveVersion = 1;
	classes = {
	};
	objectVersion = 46;
	objects = {

/* Begin PBXBuildFile section */
		DB6942F51C7E28C900E05012 /* AppDelegate.swift in Sources */ = {isa = PBXBuildFile; fileRef = DB6942F41C7E28C900E05012 /* AppDelegate.swift */; };
		DB6942F71C7E28C900E05012 /* ViewController.swift in Sources */ = {isa = PBXBuildFile; fileRef = DB6942F61C7E28C900E05012 /* ViewController.swift */; };
		DB6942FA1C7E28C900E05012 /* Main.storyboard in Resources */ = {isa = PBXBuildFile; fileRef = DB6942F81C7E28C900E05012 /* Main.storyboard */; };
		DB6942FC1C7E28C900E05012 /* Assets.xcassets in Resources */ = {isa = PBXBuildFile; fileRef = DB6942FB1C7E28C900E05012 /* Assets.xcassets */; };
		DB6942FF1C7E28C900E05012 /* LaunchScreen.storyboard in Resources */ = {isa = PBXBuildFile; fileRef = DB6942FD1C7E28C900E05012 /* LaunchScreen.storyboard */; };
		DB6943091C7E788200E05012 /* ColoresStruct.swift in Sources */ = {isa = PBXBuildFile; fileRef = DB6943081C7E788200E05012 /* ColoresStruct.swift */; };
/* End PBXBuildFile section */

/* Begin PBXFileReference section */
		DB6942F11C7E28C900E05012 /* MasFeliz.app */ = {isa = PBXFileReference; explicitFileType = wrapper.application; includeInIndex = 0; path = MasFeliz.app; sourceTree = BUILT_PRODUCTS_DIR; };
		DB6942F41C7E28C900E05012 /* AppDelegate.swift */ = {isa = PBXFileReference; lastKnownFileType = sourcecode.swift; path = AppDelegate.swift; sourceTree = "<group>"; };
		DB6942F61C7E28C900E05012 /* ViewController.swift */ = {isa = PBXFileReference; lastKnownFileType = sourcecode.swift; path = ViewController.swift; sourceTree = "<group>"; };
		DB6942F91C7E28C900E05012 /* Base */ = {isa = PBXFileReference; lastKnownFileType = file.storyboard; name = Base; path = Base.lproj/Main.storyboard; sourceTree = "<group>"; };
		DB6942FB1C7E28C900E05012 /* Assets.xcassets */ = {isa = PBXFileReference; lastKnownFileType = folder.assetcatalog; path = Assets.xcassets; sourceTree = "<group>"; };
		DB6942FE1C7E28C900E05012 /* Base */ = {isa = PBXFileReference; lastKnownFileType = file.storyboard; name = Base; path = Base.lproj/LaunchScreen.storyboard; sourceTree = "<group>"; };
		DB6943001C7E28C900E05012 /* Info.plist */ = {isa = PBXFileReference; lastKnownFileType = text.plist.xml; path = Info.plist; sourceTree = "<group>"; };
		DB6943061C7E2CF600E05012 /* MyPlayground.playground */ = {isa = PBXFileReference; lastKnownFileType = file.playground; path = MyPlayground.playground; sourceTree = "<group>"; };
		DB6943081C7E788200E05012 /* ColoresStruct.swift */ = {isa = PBXFileReference; fileEncoding = 4; lastKnownFileType = sourcecode.swift; path = ColoresStruct.swift; sourceTree = "<group>"; };
/* End PBXFileReference section */

/* Begin PBXFrameworksBuildPhase section */
		DB6942EE1C7E28C900E05012 /* Frameworks */ = {
			isa = PBXFrameworksBuildPhase;
			buildActionMask = 2147483647;
			files = (
			);
			runOnlyForDeploymentPostprocessing = 0;
		};
/* End PBXFrameworksBuildPhase section */

/* Begin PBXGroup section */
		DB6942E81C7E28C900E05012 = {
			isa = PBXGroup;
			children = (
				DB6942F31C7E28C900E05012 /* MasFeliz */,
				DB6942F21C7E28C900E05012 /* Products */,
			);
			sourceTree = "<group>";
		};
		DB6942F21C7E28C900E05012 /* Products */ = {
			isa = PBXGroup;
			children = (
				DB6942F11C7E28C900E05012 /* MasFeliz.app */,
			);
			name = Products;
			sourceTree = "<group>";
		};
		DB6942F31C7E28C900E05012 /* MasFeliz */ = {
			isa = PBXGroup;
			children = (
				DB6943071C7E2D1600E05012 /* playground */,
				DB6942F41C7E28C900E05012 /* AppDelegate.swift */,
				DB6942F61C7E28C900E05012 /* ViewController.swift */,
				DB6942F81C7E28C900E05012 /* Main.storyboard */,
				DB6942FB1C7E28C900E05012 /* Assets.xcassets */,
				DB6942FD1C7E28C900E05012 /* LaunchScreen.storyboard */,
				DB6943001C7E28C900E05012 /* Info.plist */,
				DB6943081C7E788200E05012 /* ColoresStruct.swift */,
			);
			path = MasFeliz;
			sourceTree = "<group>";
		};
		DB6943071C7E2D1600E05012 /* playground */ = {
			isa = PBXGroup;
			children = (
				DB6943061C7E2CF600E05012 /* MyPlayground.playground */,
			);
			name = playground;
			sourceTree = "<group>";
		};
/* End PBXGroup section */

/* Begin PBXNativeTarget section */
		DB6942F01C7E28C900E05012 /* MasFeliz */ = {
			isa = PBXNativeTarget;
			buildConfigurationList = DB6943031C7E28C900E05012 /* Build configuration list for PBXNativeTarget "MasFeliz" */;
			buildPhases = (
				DB6942ED1C7E28C900E05012 /* Sources */,
				DB6942EE1C7E28C900E05012 /* Frameworks */,
				DB6942EF1C7E28C900E05012 /* Resources */,
			);
			buildRules = (
			);
			dependencies = (
			);
			name = MasFeliz;
			productName = MasFeliz;
			productReference = DB6942F11C7E28C900E05012 /* MasFeliz.app */;
			productType = "com.apple.product-type.application";
		};
/* End PBXNativeTarget section */

/* Begin PBXProject section */
		DB6942E91C7E28C900E05012 /* Project object */ = {
			isa = PBXProject;
			attributes = {
				LastSwiftUpdateCheck = 0720;
				LastUpgradeCheck = 0720;
				ORGANIZATIONNAME = "Rogelio Herrerias";
				TargetAttributes = {
					DB6942F01C7E28C900E05012 = {
						CreatedOnToolsVersion = 7.2.1;
					};
				};
			};
			buildConfigurationList = DB6942EC1C7E28C900E05012 /* Build configuration list for PBXProject "MasFeliz" */;
			compatibilityVersion = "Xcode 3.2";
			developmentRegion = English;
			hasScannedForEncodings = 0;
			knownRegions = (
				en,
				Base,
			);
			mainGroup = DB6942E81C7E28C900E05012;
			productRefGroup = DB6942F21C7E28C900E05012 /* Products */;
			projectDirPath = "";
			projectRoot = "";
			targets = (
				DB6942F01C7E28C900E05012 /* MasFeliz */,
			);
		};
/* End PBXProject section */

/* Begin PBXResourcesBuildPhase section */
		DB6942EF1C7E28C900E05012 /* Resources */ = {
			isa = PBXResourcesBuildPhase;
			buildActionMask = 2147483647;
			files = (
				DB6942FF1C7E28C900E05012 /* LaunchScreen.storyboard in Resources */,
				DB6942FC1C7E28C900E05012 /* Assets.xcassets in Resources */,
				DB6942FA1C7E28C900E05012 /* Main.storyboard in Resources */,
			);
			runOnlyForDeploymentPostprocessing = 0;
		};
/* End PBXResourcesBuildPhase section */

/* Begin PBXSourcesBuildPhase section */
		DB6942ED1C7E28C900E05012 /* Sources */ = {
			isa = PBXSourcesBuildPhase;
			buildActionMask = 2147483647;
			files = (
				DB6942F71C7E28C900E05012 /* ViewController.swift in Sources */,
				DB6943091C7E788200E05012 /* ColoresStruct.swift in Sources */,
				DB6942F51C7E28C900E05012 /* AppDelegate.swift in Sources */,
			);
			runOnlyForDeploymentPostprocessing = 0;
		};
/* End PBXSourcesBuildPhase section */

/* Begin PBXVariantGroup section */
		DB6942F81C7E28C900E05012 /* Main.storyboard */ = {
			isa = PBXVariantGroup;
			children = (
				DB6942F91C7E28C900E05012 /* Base */,
			);
			name = Main.storyboard;
			sourceTree = "<group>";
		};
		DB6942FD1C7E28C900E05012 /* LaunchScreen.storyboard */ = {
			isa = PBXVariantGroup;
			children = (
				DB6942FE1C7E28C900E05012 /* Base */,
			);
			name = LaunchScreen.storyboard;
			sourceTree = "<group>";
		};
/* End PBXVariantGroup section */

/* Begin XCBuildConfiguration section */
		DB6943011C7E28C900E05012 /* Debug */ = {
			isa = XCBuildConfiguration;
			buildSettings = {
				ALWAYS_SEARCH_USER_PATHS = NO;
				CLANG_CXX_LANGUAGE_STANDARD = "gnu++0x";
				CLANG_CXX_LIBRARY = "libc++";
				CLANG_ENABLE_MODULES = YES;
				CLANG_ENABLE_OBJC_ARC = YES;
				CLANG_WARN_BOOL_CONVERSION = YES;
				CLANG_WARN_CONSTANT_CONVERSION = YES;
				CLANG_WARN_DIRECT_OBJC_ISA_USAGE = YES_ERROR;
				CLANG_WARN_EMPTY_BODY = YES;
				CLANG_WARN_ENUM_CONVERSION = YES;
				CLANG_WARN_INT_CONVERSION = YES;
				CLANG_WARN_OBJC_ROOT_CLASS = YES_ERROR;
				CLANG_WARN_UNREACHABLE_CODE = YES;
				CLANG_WARN__DUPLICATE_METHOD_MATCH = YES;
				"CODE_SIGN_IDENTITY[sdk=iphoneos*]" = "iPhone Developer";
				COPY_PHASE_STRIP = NO;
				DEBUG_INFORMATION_FORMAT = dwarf;
				ENABLE_STRICT_OBJC_MSGSEND = YES;
				ENABLE_TESTABILITY = YES;
				GCC_C_LANGUAGE_STANDARD = gnu99;
				GCC_DYNAMIC_NO_PIC = NO;
				GCC_NO_COMMON_BLOCKS = YES;
				GCC_OPTIMIZATION_LEVEL = 0;
				GCC_PREPROCESSOR_DEFINITIONS = (
					"DEBUG=1",
					"$(inherited)",
				);
				GCC_WARN_64_TO_32_BIT_CONVERSION = YES;
				GCC_WARN_ABOUT_RETURN_TYPE = YES_ERROR;
				GCC_WARN_UNDECLARED_SELECTOR = YES;
				GCC_WARN_UNINITIALIZED_AUTOS = YES_AGGRESSIVE;
				GCC_WARN_UNUSED_FUNCTION = YES;
				GCC_WARN_UNUSED_VARIABLE = YES;
				IPHONEOS_DEPLOYMENT_TARGET = 9.2;
				MTL_ENABLE_DEBUG_INFO = YES;
				ONLY_ACTIVE_ARCH = YES;
				SDKROOT = iphoneos;
				SWIFT_OPTIMIZATION_LEVEL = "-Onone";
				TARGETED_DEVICE_FAMILY = "1,2";
			};
			name = Debug;
		};
		DB6943021C7E28C900E05012 /* Release */ = {
			isa = XCBuildConfiguration;
			buildSettings = {
				ALWAYS_SEARCH_USER_PATHS = NO;
				CLANG_CXX_LANGUAGE_STANDARD = "gnu++0x";
				CLANG_CXX_LIBRARY = "libc++";
				CLANG_ENABLE_MODULES = YES;
				CLANG_ENABLE_OBJC_ARC = YES;
				CLANG_WARN_BOOL_CONVERSION = YES;
				CLANG_WARN_CONSTANT_CONVERSION = YES;
				CLANG_WARN_DIRECT_OBJC_ISA_USAGE = YES_ERROR;
				CLANG_WARN_EMPTY_BODY = YES;
				CLANG_WARN_ENUM_CONVERSION = YES;
				CLANG_WARN_INT_CONVERSION = YES;
				CLANG_WARN_OBJC_ROOT_CLASS = YES_ERROR;
				CLANG_WARN_UNREACHABLE_CODE = YES;
				CLANG_WARN__DUPLICATE_METHOD_MATCH = YES;
				"CODE_SIGN_IDENTITY[sdk=iphoneos*]" = "iPhone Developer";
				COPY_PHASE_STRIP = NO;
				DEBUG_INFORMATION_FORMAT = "dwarf-with-dsym";
				ENABLE_NS_ASSERTIONS = NO;
				ENABLE_STRICT_OBJC_MSGSEND = YES;
				GCC_C_LANGUAGE_STANDARD = gnu99;
				GCC_NO_COMMON_BLOCKS = YES;
				GCC_WARN_64_TO_32_BIT_CONVERSION = YES;
				GCC_WARN_ABOUT_RETURN_TYPE = YES_ERROR;
				GCC_WARN_UNDECLARED_SELECTOR = YES;
				GCC_WARN_UNINITIALIZED_AUTOS = YES_AGGRESSIVE;
				GCC_WARN_UNUSED_FUNCTION = YES;
				GCC_WARN_UNUSED_VARIABLE = YES;
				IPHONEOS_DEPLOYMENT_TARGET = 9.2;
				MTL_ENABLE_DEBUG_INFO = NO;
				SDKROOT = iphoneos;
				TARGETED_DEVICE_FAMILY = "1,2";
				VALIDATE_PRODUCT = YES;
			};
			name = Release;
		};
		DB6943041C7E28C900E05012 /* Debug */ = {
			isa = XCBuildConfiguration;
			buildSettings = {
				ASSETCATALOG_COMPILER_APPICON_NAME = AppIcon;
				INFOPLIST_FILE = MasFeliz/Info.plist;
				LD_RUNPATH_SEARCH_PATHS = "$(inherited) @executable_path/Frameworks";
				PRODUCT_BUNDLE_IDENTIFIER = herrerias.rogelio.MasFeliz;
				PRODUCT_NAME = "$(TARGET_NAME)";
			};
			name = Debug;
		};
		DB6943051C7E28C900E05012 /* Release */ = {
			isa = XCBuildConfiguration;
			buildSettings = {
				ASSETCATALOG_COMPILER_APPICON_NAME = AppIcon;
				INFOPLIST_FILE = MasFeliz/Info.plist;
				LD_RUNPATH_SEARCH_PATHS = "$(inherited) @executable_path/Frameworks";
				PRODUCT_BUNDLE_IDENTIFIER = herrerias.rogelio.MasFeliz;
				PRODUCT_NAME = "$(TARGET_NAME)";
			};
			name = Release;
		};
/* End XCBuildConfiguration section */

/* Begin XCConfigurationList section */
		DB6942EC1C7E28C900E05012 /* Build configuration list for PBXProject "MasFeliz" */ = {
			isa = XCConfigurationList;
			buildConfigurations = (
				DB6943011C7E28C900E05012 /* Debug */,
				DB6943021C7E28C900E05012 /* Release */,
			);
			defaultConfigurationIsVisible = 0;
			defaultConfigurationName = Release;
		};
		DB6943031C7E28C900E05012 /* Build configuration list for PBXNativeTarget "MasFeliz" */ = {
			isa = XCConfigurationList;
			buildConfigurations = (
				DB6943041C7E28C900E05012 /* Debug */,
				DB6943051C7E28C900E05012 /* Release */,
			);
			defaultConfigurationIsVisible = 0;
		};
/* End XCConfigurationList section */
	};
	rootObject = DB6942E91C7E28C900E05012 /* Project object */;
}
